
Microsoft Visual Studio Solution File, Format Version 12.00
# Visual Studio 2012
Project("{8BC9CEB8-8B4A-11D0-8D11-00A0C91BC942}") = "Sardine", "Sardine\Sardine.vcxproj", "{5FEE0A82-214B-47D6-A604-D26C898E9697}"
EndProject
Project("{8BC9CEB8-8B4A-11D0-8D11-00A0C91BC942}") = "SardineTest", "SardineTest\SardineTest.vcxproj", "{5D313447-D190-4783-AB9B-DCA8247A53C6}"
	ProjectSection(ProjectDependencies) = postProject
		{5FEE0A82-214B-47D6-A604-D26C898E9697} = {5FEE0A82-214B-47D6-A604-D26C898E9697}
	EndProjectSection
EndProject
Global
	GlobalSection(SolutionConfigurationPlatforms) = preSolution
		Debug|Win32 = Debug|Win32
		Release|Win32 = Release|Win32
	EndGlobalSection
	GlobalSection(ProjectConfigurationPlatforms) = postSolution
		{5FEE0A82-214B-47D6-A604-D26C898E9697}.Debug|Win32.ActiveCfg = Debug|Win32
		{5FEE0A82-214B-47D6-A604-D26C898E9697}.Debug|Win32.Build.0 = Debug|Win32
		{5FEE0A82-214B-47D6-A604-D26C898E9697}.Release|Win32.ActiveCfg = Release|Win32
		{5FEE0A82-214B-47D6-A604-D26C898E9697}.Release|Win32.Build.0 = Release|Win32
		{5D313447-D190-4783-AB9B-DCA8247A53C6}.Debug|Win32.ActiveCfg = Debug|Win32
		{5D313447-D190-4783-AB9B-DCA8247A53C6}.Debug|Win32.Build.0 = Debug|Win32
		{5D313447-D190-4783-AB9B-DCA8247A53C6}.Release|Win32.ActiveCfg = Release|Win32
		{5D313447-D190-4783-AB9B-DCA8247A53C6}.Release|Win32.Build.0 = Release|Win32
	EndGlobalSection
	GlobalSection(SolutionProperties) = preSolution
		HideSolutionNode = FALSE
	EndGlobalSection
EndGlobal
